
Microsoft Visual Studio Solution File, Format Version 12.00
# Visual Studio 14
VisualStudioVersion = 14.0.25420.1
MinimumVisualStudioVersion = 10.0.40219.1
Project("{FAE04EC0-301F-11D3-BF4B-00C04F79EFBC}") = "PageObject.Factory", "PageObject.Factory\PageObject.Factory.csproj", "{A088A211-736D-48C8-8D8B-95F31064E975}"
EndProject
Project("{2150E333-8FDC-42A3-9474-1A3956D46DE8}") = "1 - PageObject", "1 - PageObject", "{62916BA3-90DE-41A3-95A1-C81498C99546}"
EndProject
Project("{FAE04EC0-301F-11D3-BF4B-00C04F79EFBC}") = "PageObject.Factory.Contracts", "PageObject.Factory.Contracts\PageObject.Factory.Contracts.csproj", "{647FB283-AE5A-4B68-9799-4BE70D7BAF8B}"
EndProject
Project("{FAE04EC0-301F-11D3-BF4B-00C04F79EFBC}") = "PageObject.Models", "PageObject.Models\PageObject.Models.csproj", "{56F9F583-806C-4EA7-AA72-09FE612DEB13}"
EndProject
Global
	GlobalSection(SolutionConfigurationPlatforms) = preSolution
		Debug|Any CPU = Debug|Any CPU
		Release|Any CPU = Release|Any CPU
	EndGlobalSection
	GlobalSection(ProjectConfigurationPlatforms) = postSolution
		{A088A211-736D-48C8-8D8B-95F31064E975}.Debug|Any CPU.ActiveCfg = Debug|Any CPU
		{A088A211-736D-48C8-8D8B-95F31064E975}.Debug|Any CPU.Build.0 = Debug|Any CPU
		{A088A211-736D-48C8-8D8B-95F31064E975}.Release|Any CPU.ActiveCfg = Release|Any CPU
		{A088A211-736D-48C8-8D8B-95F31064E975}.Release|Any CPU.Build.0 = Release|Any CPU
		{647FB283-AE5A-4B68-9799-4BE70D7BAF8B}.Debug|Any CPU.ActiveCfg = Debug|Any CPU
		{647FB283-AE5A-4B68-9799-4BE70D7BAF8B}.Debug|Any CPU.Build.0 = Debug|Any CPU
		{647FB283-AE5A-4B68-9799-4BE70D7BAF8B}.Release|Any CPU.ActiveCfg = Release|Any CPU
		{647FB283-AE5A-4B68-9799-4BE70D7BAF8B}.Release|Any CPU.Build.0 = Release|Any CPU
		{56F9F583-806C-4EA7-AA72-09FE612DEB13}.Debug|Any CPU.ActiveCfg = Debug|Any CPU
		{56F9F583-806C-4EA7-AA72-09FE612DEB13}.Debug|Any CPU.Build.0 = Debug|Any CPU
		{56F9F583-806C-4EA7-AA72-09FE612DEB13}.Release|Any CPU.ActiveCfg = Release|Any CPU
		{56F9F583-806C-4EA7-AA72-09FE612DEB13}.Release|Any CPU.Build.0 = Release|Any CPU
	EndGlobalSection
	GlobalSection(SolutionProperties) = preSolution
		HideSolutionNode = FALSE
	EndGlobalSection
	GlobalSection(NestedProjects) = preSolution
		{A088A211-736D-48C8-8D8B-95F31064E975} = {62916BA3-90DE-41A3-95A1-C81498C99546}
		{647FB283-AE5A-4B68-9799-4BE70D7BAF8B} = {62916BA3-90DE-41A3-95A1-C81498C99546}
		{56F9F583-806C-4EA7-AA72-09FE612DEB13} = {62916BA3-90DE-41A3-95A1-C81498C99546}
	EndGlobalSection
EndGlobal
